<?xml version="1.0" encoding="utf-8"?>
<Project ToolsVersion="4.0" xmlns="http://schemas.microsoft.com/developer/msbuild/2003">
  <ItemGroup>
    <Filter Include="Util">
      <UniqueIdentifier>{aa24a685-628c-4092-ba9e-403faf48f2bf}</UniqueIdentifier>
    </Filter>
    <Filter Include="IOCTL">
      <UniqueIdentifier>{de3ffbc9-6777-43da-b186-758d54f5eb7b}</UniqueIdentifier>
    </Filter>
    <Filter Include="LogReceiver">
      <UniqueIdentifier>{b03f8bc0-7b17-42a7-9775-e140e430ef4f}</UniqueIdentifier>
    </Filter>
    <Filter Include="Util\Kafka">
      <UniqueIdentifier>{a3d977ca-eb61-4ed4-b181-22096fd2ce42}</UniqueIdentifier>
    </Filter>
    <Filter Include="Util\queue">
      <UniqueIdentifier>{0acf7e06-9f3d-4c0c-abe7-fd1dc4d785ea}</UniqueIdentifier>
    </Filter>
    <Filter Include="LogReceiver\APC">
      <UniqueIdentifier>{30235319-e2ce-4729-b79a-17bc0c7d5840}</UniqueIdentifier>
    </Filter>
    <Filter Include="LogReceiver\LogSender">
      <UniqueIdentifier>{29561db6-b5e0-4758-9dfd-72591e843f37}</UniqueIdentifier>
    </Filter>
    <Filter Include="Util\Timestamp">
      <UniqueIdentifier>{b29fa460-7a79-455a-bf87-9c232de7c08d}</UniqueIdentifier>
    </Filter>
    <Filter Include="SessionManager">
      <UniqueIdentifier>{51668256-14a0-44eb-8f56-f3f514850f3f}</UniqueIdentifier>
    </Filter>
    <Filter Include="SessionManager\ProcessSession">
      <UniqueIdentifier>{5efe1d7d-8050-41bb-8c4a-b3d519d2c88c}</UniqueIdentifier>
    </Filter>
    <Filter Include="SessionManager\NetworkSession">
      <UniqueIdentifier>{834a10cd-3adf-4cdc-b793-9955ec5b2bec}</UniqueIdentifier>
    </Filter>
    <Filter Include="Util\Hash">
      <UniqueIdentifier>{2ebd6898-99bd-43e5-adbc-e150d3e9f2db}</UniqueIdentifier>
    </Filter>
    <Filter Include="Util\Windows">
      <UniqueIdentifier>{38946364-bc15-4eda-92d7-67e7431289e7}</UniqueIdentifier>
    </Filter>
    <Filter Include="EDR">
      <UniqueIdentifier>{694fc18d-bee2-4012-a6ba-ca8bb61e1b63}</UniqueIdentifier>
    </Filter>
    <Filter Include="Util\TCP">
      <UniqueIdentifier>{bc9a6f81-2988-44fb-a642-817f6d23b063}</UniqueIdentifier>
    </Filter>
  </ItemGroup>
  <ItemGroup>
    <ClCompile Include="main.cpp" />
    <ClCompile Include="APC.cpp">
      <Filter>LogReceiver\APC</Filter>
    </ClCompile>
    <ClCompile Include="LogReceiver.cpp">
      <Filter>LogReceiver</Filter>
    </ClCompile>
    <ClCompile Include="queue.hpp">
      <Filter>Util\queue</Filter>
    </ClCompile>
    <ClCompile Include="Kafka.cpp">
      <Filter>Util\Kafka</Filter>
    </ClCompile>
    <ClCompile Include="IOCTL.cpp">
      <Filter>IOCTL</Filter>
    </ClCompile>
    <ClCompile Include="LogSender.cpp">
      <Filter>LogReceiver\LogSender</Filter>
    </ClCompile>
    <ClCompile Include="Timestamp.cpp">
      <Filter>Util\Timestamp</Filter>
    </ClCompile>
    <ClCompile Include="ProcessSession.cpp">
      <Filter>SessionManager\ProcessSession</Filter>
    </ClCompile>
    <ClCompile Include="Hash.cpp">
      <Filter>Util\Hash</Filter>
    </ClCompile>
    <ClCompile Include="Windows.hpp">
      <Filter>Util\Windows</Filter>
    </ClCompile>
    <ClCompile Include="Windows.cpp">
      <Filter>Util\Windows</Filter>
    </ClCompile>
    <ClCompile Include="TCP.cpp">
      <Filter>Util\TCP</Filter>
    </ClCompile>
    <ClCompile Include="NetworkSession.cpp">
      <Filter>SessionManager\NetworkSession</Filter>
    </ClCompile>
  </ItemGroup>
  <ItemGroup>
    <ClInclude Include="APC.hpp">
      <Filter>LogReceiver\APC</Filter>
    </ClInclude>
    <ClInclude Include="LogReceiver.hpp">
      <Filter>LogReceiver</Filter>
    </ClInclude>
    <ClInclude Include="Kafka.hpp">
      <Filter>Util\Kafka</Filter>
    </ClInclude>
    <ClInclude Include="Util.hpp">
      <Filter>Util</Filter>
    </ClInclude>
    <ClInclude Include="ioctlcodes.hpp">
      <Filter>IOCTL</Filter>
    </ClInclude>
    <ClInclude Include="EventLog.hpp">
      <Filter>LogReceiver</Filter>
    </ClInclude>
    <ClInclude Include="IOCTL.hpp">
      <Filter>IOCTL</Filter>
    </ClInclude>
    <ClInclude Include="LogSender.hpp">
      <Filter>LogReceiver\LogSender</Filter>
    </ClInclude>
    <ClInclude Include="Timestamp.hpp">
      <Filter>Util\Timestamp</Filter>
    </ClInclude>
    <ClInclude Include="ProcessSession.hpp">
      <Filter>SessionManager\ProcessSession</Filter>
    </ClInclude>
    <ClInclude Include="NetworkSession.hpp">
      <Filter>SessionManager\NetworkSession</Filter>
    </ClInclude>
    <ClInclude Include="Hash.hpp">
      <Filter>Util\Hash</Filter>
    </ClInclude>
    <ClInclude Include="TCP.hpp">
      <Filter>Util\TCP</Filter>
    </ClInclude>
  </ItemGroup>
</Project>